<?xml version="1.0" encoding="utf-8"?>
<Project ToolsVersion="4.0" xmlns="http://schemas.microsoft.com/developer/msbuild/2003">
  <ItemGroup>
    <Filter Include="Source Files">
      <UniqueIdentifier>{4FC737F1-C7A5-4376-A066-2A32D752A2FF}</UniqueIdentifier>
      <Extensions>cpp;c;cc;cxx;c++;cppm;ixx;def;odl;idl;hpj;bat;asm;asmx</Extensions>
    </Filter>
    <Filter Include="Header Files">
      <UniqueIdentifier>{93995380-89BD-4b04-88EB-625FBE52EBFB}</UniqueIdentifier>
      <Extensions>h;hh;hpp;hxx;h++;hm;inl;inc;ipp;xsd</Extensions>
    </Filter>
    <Filter Include="Resource Files">
      <UniqueIdentifier>{67DA6AB6-F800-4c08-8B7A-83BB121AAD01}</UniqueIdentifier>
      <Extensions>rc;ico;cur;bmp;dlg;rc2;rct;bin;rgs;gif;jpg;jpeg;jpe;resx;tiff;tif;png;wav;mfcribbon-ms</Extensions>
    </Filter>
    <Filter Include="Header Files\Manager">
      <UniqueIdentifier>{5616167e-1863-4915-8ee0-b716665dc307}</UniqueIdentifier>
    </Filter>
    <Filter Include="Source Files\DLL">
      <UniqueIdentifier>{00daf2bd-b92c-436e-ab88-f96222380e7b}</UniqueIdentifier>
    </Filter>
    <Filter Include="Source Files\Manager">
      <UniqueIdentifier>{1f39a313-d448-4087-a770-b4dd257e51dc}</UniqueIdentifier>
    </Filter>
    <Filter Include="Header Files\Main">
      <UniqueIdentifier>{6614d435-c9c0-42bb-b07b-3f9dce60423c}</UniqueIdentifier>
    </Filter>
    <Filter Include="Header Files\Objects">
      <UniqueIdentifier>{cbdd0e25-34f6-4fa4-97c9-17d1e41a4400}</UniqueIdentifier>
    </Filter>
    <Filter Include="Source Files\Objects">
      <UniqueIdentifier>{a33bc8c6-4eef-4947-8098-4844743616f3}</UniqueIdentifier>
    </Filter>
    <Filter Include="Source Files\Level">
      <UniqueIdentifier>{db8f71f9-c39c-4961-ade8-82633fbfaf66}</UniqueIdentifier>
    </Filter>
    <Filter Include="Header Files\Level">
      <UniqueIdentifier>{e368f037-23f6-4c95-861d-e7134aeae242}</UniqueIdentifier>
    </Filter>
    <Filter Include="Header Files\Helper">
      <UniqueIdentifier>{5163b355-c827-4d44-9e64-a536240490c1}</UniqueIdentifier>
    </Filter>
    <Filter Include="Source Files\Helper">
      <UniqueIdentifier>{142330a8-dd45-4fc3-be88-61d8f704ce46}</UniqueIdentifier>
    </Filter>
    <Filter Include="Header Files\Game Elements">
      <UniqueIdentifier>{00316d96-fe6f-42e9-8011-72f9233d611e}</UniqueIdentifier>
    </Filter>
    <Filter Include="Source Files\Game Elements">
      <UniqueIdentifier>{9bf97926-b675-47ff-95e7-2aecb9f4d33f}</UniqueIdentifier>
    </Filter>
    <Filter Include="Header Files\Abstract Class">
      <UniqueIdentifier>{9830ed0b-8328-4d82-828d-8e57243dc0ed}</UniqueIdentifier>
    </Filter>
    <Filter Include="Source Files\Abstract Class">
      <UniqueIdentifier>{4842d59c-1629-458c-9310-5f939d0fa026}</UniqueIdentifier>
    </Filter>
  </ItemGroup>
  <ItemGroup>
    <None Include="..\..\..\..\..\Program Files (x86)\FMOD SoundSystem\FMOD Studio API Windows\api\core\lib\x86\fmod.dll">
      <Filter>Source Files\DLL</Filter>
    </None>
    <None Include="..\..\..\..\..\Program Files (x86)\FMOD SoundSystem\FMOD Studio API Windows\api\core\lib\x86\fmodL.dll">
      <Filter>Source Files\DLL</Filter>
    </None>
  </ItemGroup>
  <ItemGroup>
    <ClCompile Include="Main.cpp">
      <Filter>Source Files</Filter>
    </ClCompile>
    <ClCompile Include="Audio.cpp">
      <Filter>Source Files\Objects</Filter>
    </ClCompile>
    <ClCompile Include="D3DManager.cpp">
      <Filter>Source Files\Manager</Filter>
    </ClCompile>
    <ClCompile Include="FrameTimer.cpp">
      <Filter>Source Files\Manager</Filter>
    </ClCompile>
    <ClCompile Include="InputManager.cpp">
      <Filter>Source Files\Manager</Filter>
    </ClCompile>
    <ClCompile Include="WindowManager.cpp">
      <Filter>Source Files\Manager</Filter>
    </ClCompile>
    <ClCompile Include="AudioManager.cpp">
      <Filter>Source Files\Manager</Filter>
    </ClCompile>
    <ClCompile Include="Helper.cpp">
      <Filter>Source Files\Helper</Filter>
    </ClCompile>
    <ClCompile Include="Physics.cpp">
      <Filter>Source Files\Helper</Filter>
    </ClCompile>
    <ClCompile Include="GameEngine.cpp">
      <Filter>Source Files\Abstract Class</Filter>
    </ClCompile>
    <ClCompile Include="Sprite.cpp">
      <Filter>Source Files\Objects</Filter>
    </ClCompile>
    <ClCompile Include="Level.cpp">
      <Filter>Source Files\Abstract Class</Filter>
    </ClCompile>
    <ClCompile Include="MainMenu.cpp">
      <Filter>Source Files</Filter>
    </ClCompile>
    <ClCompile Include="Game.cpp">
      <Filter>Source Files</Filter>
    </ClCompile>
  </ItemGroup>
  <ItemGroup>
    <ClInclude Include="Audio.h">
      <Filter>Header Files\Objects</Filter>
    </ClInclude>
    <ClInclude Include="D3DManager.h">
      <Filter>Header Files\Manager</Filter>
    </ClInclude>
    <ClInclude Include="FrameTimer.h">
      <Filter>Header Files\Manager</Filter>
    </ClInclude>
    <ClInclude Include="InputManager.h">
      <Filter>Header Files\Manager</Filter>
    </ClInclude>
    <ClInclude Include="WindowManager.h">
      <Filter>Header Files\Manager</Filter>
    </ClInclude>
    <ClInclude Include="BasicHeader.h">
      <Filter>Header Files\Main</Filter>
    </ClInclude>
    <ClInclude Include="Main.h">
      <Filter>Header Files\Main</Filter>
    </ClInclude>
    <ClInclude Include="MoreHeader.h">
      <Filter>Header Files\Main</Filter>
    </ClInclude>
    <ClInclude Include="AudioManager.h">
      <Filter>Header Files\Manager</Filter>
    </ClInclude>
    <ClInclude Include="Helper.h">
      <Filter>Header Files\Helper</Filter>
    </ClInclude>
    <ClInclude Include="Physics.h">
      <Filter>Header Files\Helper</Filter>
    </ClInclude>
    <ClInclude Include="GameEngine.h">
      <Filter>Header Files\Abstract Class</Filter>
    </ClInclude>
    <ClInclude Include="Sprite.h">
      <Filter>Header Files\Objects</Filter>
    </ClInclude>
    <ClInclude Include="Level.h">
      <Filter>Header Files\Abstract Class</Filter>
    </ClInclude>
    <ClInclude Include="MainMenu.h">
      <Filter>Header Files</Filter>
    </ClInclude>
    <ClInclude Include="Game.h">
      <Filter>Header Files\Abstract Class</Filter>
    </ClInclude>
  </ItemGroup>
</Project>